
Microsoft Visual Studio Solution File, Format Version 12.00
# Visual Studio Version 17
VisualStudioVersion = 17.11.35312.102
MinimumVisualStudioVersion = 10.0.40219.1
Project("{FAE04EC0-301F-11D3-BF4B-00C04F79EFBC}") = "Heladeria", "Heladeria\Heladeria.csproj", "{4A50D49E-E8AA-4EDF-857E-6B096D8BB236}"
EndProject
Project("{FAE04EC0-301F-11D3-BF4B-00C04F79EFBC}") = "dominio", "dominio\dominio.csproj", "{18EAF8E8-C4AE-4DF5-BAB3-113ED79618BE}"
EndProject
Project("{FAE04EC0-301F-11D3-BF4B-00C04F79EFBC}") = "negocio", "negocio\negocio.csproj", "{D429152A-C965-47DA-BFDE-05635FA879EC}"
EndProject
Global
	GlobalSection(SolutionConfigurationPlatforms) = preSolution
		Debug|Any CPU = Debug|Any CPU
		Release|Any CPU = Release|Any CPU
	EndGlobalSection
	GlobalSection(ProjectConfigurationPlatforms) = postSolution
		{4A50D49E-E8AA-4EDF-857E-6B096D8BB236}.Debug|Any CPU.ActiveCfg = Debug|Any CPU
		{4A50D49E-E8AA-4EDF-857E-6B096D8BB236}.Debug|Any CPU.Build.0 = Debug|Any CPU
		{4A50D49E-E8AA-4EDF-857E-6B096D8BB236}.Release|Any CPU.ActiveCfg = Release|Any CPU
		{4A50D49E-E8AA-4EDF-857E-6B096D8BB236}.Release|Any CPU.Build.0 = Release|Any CPU
		{18EAF8E8-C4AE-4DF5-BAB3-113ED79618BE}.Debug|Any CPU.ActiveCfg = Debug|Any CPU
		{18EAF8E8-C4AE-4DF5-BAB3-113ED79618BE}.Debug|Any CPU.Build.0 = Debug|Any CPU
		{18EAF8E8-C4AE-4DF5-BAB3-113ED79618BE}.Release|Any CPU.ActiveCfg = Release|Any CPU
		{18EAF8E8-C4AE-4DF5-BAB3-113ED79618BE}.Release|Any CPU.Build.0 = Release|Any CPU
		{D429152A-C965-47DA-BFDE-05635FA879EC}.Debug|Any CPU.ActiveCfg = Debug|Any CPU
		{D429152A-C965-47DA-BFDE-05635FA879EC}.Debug|Any CPU.Build.0 = Debug|Any CPU
		{D429152A-C965-47DA-BFDE-05635FA879EC}.Release|Any CPU.ActiveCfg = Release|Any CPU
		{D429152A-C965-47DA-BFDE-05635FA879EC}.Release|Any CPU.Build.0 = Release|Any CPU
	EndGlobalSection
	GlobalSection(SolutionProperties) = preSolution
		HideSolutionNode = FALSE
	EndGlobalSection
	GlobalSection(ExtensibilityGlobals) = postSolution
		SolutionGuid = {826C8E43-E803-420A-A639-CBF225298DFE}
	EndGlobalSection
EndGlobal
